
Microsoft Visual Studio Solution File, Format Version 12.00
# Visual Studio Version 17
VisualStudioVersion = 17.5.002.0
MinimumVisualStudioVersion = 10.0.40219.1
Project("{9A19103F-16F7-4668-BE54-9A1E7A4F7556}") = "Survey", "Survey\Survey.csproj", "{67317F45-378E-4919-B223-349B872282DD}"
EndProject
Global
	GlobalSection(SolutionConfigurationPlatforms) = preSolution
		Debug|Any CPU = Debug|Any CPU
		Release|Any CPU = Release|Any CPU
	EndGlobalSection
	GlobalSection(ProjectConfigurationPlatforms) = postSolution
		{67317F45-378E-4919-B223-349B872282DD}.Debug|Any CPU.ActiveCfg = Debug|Any CPU
		{67317F45-378E-4919-B223-349B872282DD}.Debug|Any CPU.Build.0 = Debug|Any CPU
		{67317F45-378E-4919-B223-349B872282DD}.Release|Any CPU.ActiveCfg = Release|Any CPU
		{67317F45-378E-4919-B223-349B872282DD}.Release|Any CPU.Build.0 = Release|Any CPU
	EndGlobalSection
	GlobalSection(SolutionProperties) = preSolution
		HideSolutionNode = FALSE
	EndGlobalSection
	GlobalSection(ExtensibilityGlobals) = postSolution
		SolutionGuid = {4B85D197-77A2-4394-A3BE-69762DF46BD5}
	EndGlobalSection
EndGlobal
