
Microsoft Visual Studio Solution File, Format Version 12.00
# Visual Studio Version 17
VisualStudioVersion = 17.5.002.0
MinimumVisualStudioVersion = 10.0.40219.1
Project("{9A19103F-16F7-4668-BE54-9A1E7A4F7556}") = "GameDev3", "GameDev3\GameDev3.csproj", "{CBDBFD54-D98C-43D2-ABAC-B8087265ECAA}"
EndProject
Global
	GlobalSection(SolutionConfigurationPlatforms) = preSolution
		Debug|Any CPU = Debug|Any CPU
		Release|Any CPU = Release|Any CPU
	EndGlobalSection
	GlobalSection(ProjectConfigurationPlatforms) = postSolution
		{CBDBFD54-D98C-43D2-ABAC-B8087265ECAA}.Debug|Any CPU.ActiveCfg = Debug|Any CPU
		{CBDBFD54-D98C-43D2-ABAC-B8087265ECAA}.Debug|Any CPU.Build.0 = Debug|Any CPU
		{CBDBFD54-D98C-43D2-ABAC-B8087265ECAA}.Release|Any CPU.ActiveCfg = Release|Any CPU
		{CBDBFD54-D98C-43D2-ABAC-B8087265ECAA}.Release|Any CPU.Build.0 = Release|Any CPU
	EndGlobalSection
	GlobalSection(SolutionProperties) = preSolution
		HideSolutionNode = FALSE
	EndGlobalSection
	GlobalSection(ExtensibilityGlobals) = postSolution
		SolutionGuid = {4F27FE74-2EDF-49CF-8620-26CEEFB7DA9B}
	EndGlobalSection
EndGlobal
