
Microsoft Visual Studio Solution File, Format Version 12.00
# Visual Studio Version 17
VisualStudioVersion = 17.5.002.0
MinimumVisualStudioVersion = 10.0.40219.1
Project("{9A19103F-16F7-4668-BE54-9A1E7A4F7556}") = "BeltExam", "BeltExam\BeltExam.csproj", "{AB363BDB-FC74-49D1-85F4-3A4D1878A5EA}"
EndProject
Global
	GlobalSection(SolutionConfigurationPlatforms) = preSolution
		Debug|Any CPU = Debug|Any CPU
		Release|Any CPU = Release|Any CPU
	EndGlobalSection
	GlobalSection(ProjectConfigurationPlatforms) = postSolution
		{AB363BDB-FC74-49D1-85F4-3A4D1878A5EA}.Debug|Any CPU.ActiveCfg = Debug|Any CPU
		{AB363BDB-FC74-49D1-85F4-3A4D1878A5EA}.Debug|Any CPU.Build.0 = Debug|Any CPU
		{AB363BDB-FC74-49D1-85F4-3A4D1878A5EA}.Release|Any CPU.ActiveCfg = Release|Any CPU
		{AB363BDB-FC74-49D1-85F4-3A4D1878A5EA}.Release|Any CPU.Build.0 = Release|Any CPU
	EndGlobalSection
	GlobalSection(SolutionProperties) = preSolution
		HideSolutionNode = FALSE
	EndGlobalSection
	GlobalSection(ExtensibilityGlobals) = postSolution
		SolutionGuid = {752F5F3A-C2D1-4B4C-B54D-3B475EC83D30}
	EndGlobalSection
EndGlobal
