
Microsoft Visual Studio Solution File, Format Version 12.00
# Visual Studio Version 17
VisualStudioVersion = 17.5.002.0
MinimumVisualStudioVersion = 10.0.40219.1
Project("{9A19103F-16F7-4668-BE54-9A1E7A4F7556}") = "DojoSurvey", "DojoSurvey\DojoSurvey.csproj", "{BB0FF163-A7E2-4513-9310-C2039DDCD298}"
EndProject
Global
	GlobalSection(SolutionConfigurationPlatforms) = preSolution
		Debug|Any CPU = Debug|Any CPU
		Release|Any CPU = Release|Any CPU
	EndGlobalSection
	GlobalSection(ProjectConfigurationPlatforms) = postSolution
		{BB0FF163-A7E2-4513-9310-C2039DDCD298}.Debug|Any CPU.ActiveCfg = Debug|Any CPU
		{BB0FF163-A7E2-4513-9310-C2039DDCD298}.Debug|Any CPU.Build.0 = Debug|Any CPU
		{BB0FF163-A7E2-4513-9310-C2039DDCD298}.Release|Any CPU.ActiveCfg = Release|Any CPU
		{BB0FF163-A7E2-4513-9310-C2039DDCD298}.Release|Any CPU.Build.0 = Release|Any CPU
	EndGlobalSection
	GlobalSection(SolutionProperties) = preSolution
		HideSolutionNode = FALSE
	EndGlobalSection
	GlobalSection(ExtensibilityGlobals) = postSolution
		SolutionGuid = {7EA740C5-2554-473B-A2E1-EE7BF80ECA8E}
	EndGlobalSection
EndGlobal
